
Microsoft Visual Studio Solution File, Format Version 12.00
Project("{FAE04EC0-301F-11D3-BF4B-00C04F79EFBC}") = "MusicApp", "MusicApp\MusicApp.csproj", "{616C0D4F-FB04-4776-8363-A9C8E6D1B3A5}"
EndProject
Project("{FAE04EC0-301F-11D3-BF4B-00C04F79EFBC}") = "UnitTests", "UnitTests\UnitTests.csproj", "{B3D8AB49-E5D7-4736-8873-9EAB7EE43AB8}"
EndProject
Project("{2150E333-8FDC-42A3-9474-1A3956D46DE8}") = "Tests", "Tests", "{B59A14BC-C8F6-4F9F-830D-EEC407773AE3}"
EndProject
Project("{2150E333-8FDC-42A3-9474-1A3956D46DE8}") = "Src", "Src", "{E9D65CF7-99A3-40E7-9068-1B0AA4DEA1C6}"
EndProject
Global
	GlobalSection(SolutionConfigurationPlatforms) = preSolution
		Debug|Any CPU = Debug|Any CPU
		Release|Any CPU = Release|Any CPU
	EndGlobalSection
	GlobalSection(ProjectConfigurationPlatforms) = postSolution
		{616C0D4F-FB04-4776-8363-A9C8E6D1B3A5}.Debug|Any CPU.ActiveCfg = Debug|Any CPU
		{616C0D4F-FB04-4776-8363-A9C8E6D1B3A5}.Debug|Any CPU.Build.0 = Debug|Any CPU
		{616C0D4F-FB04-4776-8363-A9C8E6D1B3A5}.Release|Any CPU.ActiveCfg = Release|Any CPU
		{616C0D4F-FB04-4776-8363-A9C8E6D1B3A5}.Release|Any CPU.Build.0 = Release|Any CPU
		{B3D8AB49-E5D7-4736-8873-9EAB7EE43AB8}.Debug|Any CPU.ActiveCfg = Debug|Any CPU
		{B3D8AB49-E5D7-4736-8873-9EAB7EE43AB8}.Debug|Any CPU.Build.0 = Debug|Any CPU
		{B3D8AB49-E5D7-4736-8873-9EAB7EE43AB8}.Release|Any CPU.ActiveCfg = Release|Any CPU
		{B3D8AB49-E5D7-4736-8873-9EAB7EE43AB8}.Release|Any CPU.Build.0 = Release|Any CPU
	EndGlobalSection
	GlobalSection(NestedProjects) = preSolution
		{B3D8AB49-E5D7-4736-8873-9EAB7EE43AB8} = {B59A14BC-C8F6-4F9F-830D-EEC407773AE3}
		{616C0D4F-FB04-4776-8363-A9C8E6D1B3A5} = {E9D65CF7-99A3-40E7-9068-1B0AA4DEA1C6}
	EndGlobalSection
EndGlobal
